
Microsoft Visual Studio Solution File, Format Version 12.00
# Visual Studio Version 17
VisualStudioVersion = 17.14.36105.17
MinimumVisualStudioVersion = 10.0.40219.1
Project("{FAE04EC0-301F-11D3-BF4B-00C04F79EFBC}") = "FE", "_FE\FE.csproj", "{D379D046-2F62-4CCD-B1CE-F8585570AA72}"
EndProject
Global
	GlobalSection(SolutionConfigurationPlatforms) = preSolution
		Debug|Any CPU = Debug|Any CPU
		Release|Any CPU = Release|Any CPU
	EndGlobalSection
	GlobalSection(ProjectConfigurationPlatforms) = postSolution
		{D379D046-2F62-4CCD-B1CE-F8585570AA72}.Debug|Any CPU.ActiveCfg = Debug|Any CPU
		{D379D046-2F62-4CCD-B1CE-F8585570AA72}.Debug|Any CPU.Build.0 = Debug|Any CPU
		{D379D046-2F62-4CCD-B1CE-F8585570AA72}.Release|Any CPU.ActiveCfg = Release|Any CPU
		{D379D046-2F62-4CCD-B1CE-F8585570AA72}.Release|Any CPU.Build.0 = Release|Any CPU
	EndGlobalSection
	GlobalSection(SolutionProperties) = preSolution
		HideSolutionNode = FALSE
	EndGlobalSection
	GlobalSection(ExtensibilityGlobals) = postSolution
		SolutionGuid = {283C7175-EC6E-4F4A-B5E5-0C10B655B944}
	EndGlobalSection
EndGlobal
