
Microsoft Visual Studio Solution File, Format Version 12.00
# Visual Studio Version 17
VisualStudioVersion = 17.14.36105.17
MinimumVisualStudioVersion = 10.0.40219.1
Project("{FAE04EC0-301F-11D3-BF4B-00C04F79EFBC}") = "BE", "_BE\BE.csproj", "{BC9EAF8A-BB29-463B-8E81-179E4AD0EE17}"
EndProject
Global
	GlobalSection(SolutionConfigurationPlatforms) = preSolution
		Debug|Any CPU = Debug|Any CPU
		Release|Any CPU = Release|Any CPU
	EndGlobalSection
	GlobalSection(ProjectConfigurationPlatforms) = postSolution
		{BC9EAF8A-BB29-463B-8E81-179E4AD0EE17}.Debug|Any CPU.ActiveCfg = Debug|Any CPU
		{BC9EAF8A-BB29-463B-8E81-179E4AD0EE17}.Debug|Any CPU.Build.0 = Debug|Any CPU
		{BC9EAF8A-BB29-463B-8E81-179E4AD0EE17}.Release|Any CPU.ActiveCfg = Release|Any CPU
		{BC9EAF8A-BB29-463B-8E81-179E4AD0EE17}.Release|Any CPU.Build.0 = Release|Any CPU
	EndGlobalSection
	GlobalSection(SolutionProperties) = preSolution
		HideSolutionNode = FALSE
	EndGlobalSection
	GlobalSection(ExtensibilityGlobals) = postSolution
		SolutionGuid = {3CCFF21C-8CAB-4064-A863-EA08B3115C4F}
	EndGlobalSection
EndGlobal
